
Microsoft Visual Studio Solution File, Format Version 12.00
# Visual Studio Version 16
VisualStudioVersion = 16.0.28902.138
MinimumVisualStudioVersion = 10.0.40219.1
Project("{FAE04EC0-301F-11D3-BF4B-00C04F79EFBC}") = "BaseControllerTemplate", "BaseControllerTemplate\BaseControllerTemplate.csproj", "{22C9DEBB-2855-45A3-9554-056E8053E150}"
EndProject
Global
	GlobalSection(SolutionConfigurationPlatforms) = preSolution
		Debug|Any CPU = Debug|Any CPU
		Release|Any CPU = Release|Any CPU
	EndGlobalSection
	GlobalSection(ProjectConfigurationPlatforms) = postSolution
		{22C9DEBB-2855-45A3-9554-056E8053E150}.Debug|Any CPU.ActiveCfg = Debug|Any CPU
		{22C9DEBB-2855-45A3-9554-056E8053E150}.Debug|Any CPU.Build.0 = Debug|Any CPU
		{22C9DEBB-2855-45A3-9554-056E8053E150}.Release|Any CPU.ActiveCfg = Release|Any CPU
		{22C9DEBB-2855-45A3-9554-056E8053E150}.Release|Any CPU.Build.0 = Release|Any CPU
	EndGlobalSection
	GlobalSection(SolutionProperties) = preSolution
		HideSolutionNode = FALSE
	EndGlobalSection
	GlobalSection(ExtensibilityGlobals) = postSolution
		SolutionGuid = {B5FEE230-7005-4594-9BA5-4320228D949C}
	EndGlobalSection
EndGlobal
